<?xml version="1.0" encoding="UTF-8" standalone="yes" ?>
<CodeBlocks_project_file>
	<FileVersion major="1" minor="6" />
	<Project>
		<Option title="KPS" />
		<Option pch_mode="2" />
		<Option compiler="gcc" />
		<Build>
			<Target title="Debug">
				<Option output="bin/Debug/KPS" prefix_auto="1" extension_auto="1" />
				<Option object_output="obj/Debug/" />
				<Option type="1" />
				<Option compiler="gcc" />
				<Compiler>
					<Add option="-g" />
				</Compiler>
				<Linker>
					<Add library="winmm" />
					<Add library="gdi32" />
					<Add library="wininet" />
				</Linker>
			</Target>
			<Target title="Release">
				<Option output="bin/Release/KPS" prefix_auto="1" extension_auto="1" />
				<Option object_output="obj/Release/" />
				<Option type="0" />
				<Option compiler="gcc" />
				<Compiler>
					<Add option="-O2" />
				</Compiler>
				<Linker>
					<Add option="-s" />
					<Add library="winmm" />
					<Add library="gdi32" />
					<Add library="wininet" />
				</Linker>
			</Target>
			<Target title="Lite">
				<Option output="bin/Lite/KPS" prefix_auto="1" extension_auto="1" />
				<Option object_output="obj/Lite/" />
				<Option type="0" />
				<Option compiler="gcc" />
				<Compiler>
					<Add option='-D__LITE__=&quot;1&quot;' />
				</Compiler>
				<Linker>
					<Add library="winmm" />
					<Add library="gdi32" />
				</Linker>
			</Target>
		</Build>
		<Compiler>
			<Add option="-Wall" />
			<Add option="-std=c++11" />
			<Add option="-fexceptions" />
		</Compiler>
		<Linker>
			<Add library="Gdiplus" />
		</Linker>
		<Unit filename="Constants.cpp" />
		<Unit filename="Constants.h" />
		<Unit filename="DrawFunctions.cpp" />
		<Unit filename="DrawFunctions.h" />
		<Unit filename="Export.cpp">
			<Option target="Debug" />
			<Option target="Release" />
		</Unit>
		<Unit filename="Export.h">
			<Option target="Debug" />
			<Option target="Release" />
		</Unit>
		<Unit filename="Graph.cpp" />
		<Unit filename="Graph.h" />
		<Unit filename="IO.cpp">
			<Option target="Debug" />
			<Option target="Release" />
		</Unit>
		<Unit filename="IO.h">
			<Option target="Debug" />
			<Option target="Release" />
		</Unit>
		<Unit filename="Inet.cpp">
			<Option target="Debug" />
			<Option target="Release" />
		</Unit>
		<Unit filename="Inet.h">
			<Option target="Debug" />
			<Option target="Release" />
		</Unit>
		<Unit filename="InetError.cpp">
			<Option target="Debug" />
			<Option target="Release" />
		</Unit>
		<Unit filename="InetError.h">
			<Option target="Debug" />
			<Option target="Release" />
		</Unit>
		<Unit filename="InputHandler.cpp" />
		<Unit filename="InputHandler.h" />
		<Unit filename="Lib.cpp" />
		<Unit filename="Lib.h" />
		<Unit filename="Settings.cpp" />
		<Unit filename="Settings.h" />
		<Unit filename="Web.cpp">
			<Option target="Debug" />
			<Option target="Release" />
		</Unit>
		<Unit filename="Web.h">
			<Option target="Debug" />
			<Option target="Release" />
		</Unit>
		<Unit filename="WinAPI.cpp" />
		<Unit filename="WinAPI.h" />
		<Unit filename="WindowInterface.cpp" />
		<Unit filename="WindowInterface.h" />
		<Unit filename="main.cpp" />
		<Extensions>
			<code_completion />
			<envvars />
			<debugger />
			<lib_finder disable_auto="1" />
		</Extensions>
	</Project>
</CodeBlocks_project_file>
